
Microsoft Visual Studio Solution File, Format Version 12.00
# Visual Studio Version 17
VisualStudioVersion = 17.0.31903.59
MinimumVisualStudioVersion = 10.0.40219.1
Project("{9A19103F-16F7-4668-BE54-9A1E7A4F7556}") = "FloripaSurfClubTst", "FloripaSurfClubTst\FloripaSurfClubTst.csproj", "{E2EDF708-709B-4EA6-9A24-C6BC3AD3B04F}"
EndProject
Project("{9A19103F-16F7-4668-BE54-9A1E7A4F7556}") = "FloripaSurfClub", "FloripaSurfClub\FloripaSurfClub.csproj", "{C6BDC84C-62C9-40D7-8CF8-E0CCDC7B1003}"
EndProject
Project("{FAE04EC0-301F-11D3-BF4B-00C04F79EFBC}") = "FloripaSurfClubWeb", "FloripaSurfClubWeb\FloripaSurfClubWeb.csproj", "{077ED8EB-64D9-4459-BE41-199A51405779}"
EndProject
Global
	GlobalSection(SolutionConfigurationPlatforms) = preSolution
		Debug|Any CPU = Debug|Any CPU
		Release|Any CPU = Release|Any CPU
	EndGlobalSection
	GlobalSection(ProjectConfigurationPlatforms) = postSolution
		{E2EDF708-709B-4EA6-9A24-C6BC3AD3B04F}.Debug|Any CPU.ActiveCfg = Debug|Any CPU
		{E2EDF708-709B-4EA6-9A24-C6BC3AD3B04F}.Debug|Any CPU.Build.0 = Debug|Any CPU
		{E2EDF708-709B-4EA6-9A24-C6BC3AD3B04F}.Release|Any CPU.ActiveCfg = Release|Any CPU
		{E2EDF708-709B-4EA6-9A24-C6BC3AD3B04F}.Release|Any CPU.Build.0 = Release|Any CPU
		{C6BDC84C-62C9-40D7-8CF8-E0CCDC7B1003}.Debug|Any CPU.ActiveCfg = Debug|Any CPU
		{C6BDC84C-62C9-40D7-8CF8-E0CCDC7B1003}.Debug|Any CPU.Build.0 = Debug|Any CPU
		{C6BDC84C-62C9-40D7-8CF8-E0CCDC7B1003}.Release|Any CPU.ActiveCfg = Release|Any CPU
		{C6BDC84C-62C9-40D7-8CF8-E0CCDC7B1003}.Release|Any CPU.Build.0 = Release|Any CPU
		{077ED8EB-64D9-4459-BE41-199A51405779}.Debug|Any CPU.ActiveCfg = Debug|Any CPU
		{077ED8EB-64D9-4459-BE41-199A51405779}.Debug|Any CPU.Build.0 = Debug|Any CPU
		{077ED8EB-64D9-4459-BE41-199A51405779}.Release|Any CPU.ActiveCfg = Release|Any CPU
		{077ED8EB-64D9-4459-BE41-199A51405779}.Release|Any CPU.Build.0 = Release|Any CPU
	EndGlobalSection
	GlobalSection(SolutionProperties) = preSolution
		HideSolutionNode = FALSE
	EndGlobalSection
	GlobalSection(ExtensibilityGlobals) = postSolution
		SolutionGuid = {64FA8FA0-9195-4AEC-B5D0-D8AC6E71BA19}
	EndGlobalSection
EndGlobal
